
Microsoft Visual Studio Solution File, Format Version 12.00
# Visual Studio Version 17
VisualStudioVersion = 17.7.34031.279
MinimumVisualStudioVersion = 10.0.40219.1
Project("{FAE04EC0-301F-11D3-BF4B-00C04F79EFBC}") = "Domain", "Domain\Domain.csproj", "{E08ECC57-AB0C-45A1-AFB1-0F0081D08981}"
EndProject
Project("{FAE04EC0-301F-11D3-BF4B-00C04F79EFBC}") = "DataAccess", "DataAccess\DataAccess.csproj", "{533628FA-157C-4D68-94E9-72A65F0A92D7}"
EndProject
Project("{FAE04EC0-301F-11D3-BF4B-00C04F79EFBC}") = "Application", "Application\Application.csproj", "{79645845-13B6-4A3E-A6A2-D7AA96CB43E8}"
EndProject
Project("{FAE04EC0-301F-11D3-BF4B-00C04F79EFBC}") = "SalesPlusAPI", "SalesPlusAPI\SalesPlusAPI.csproj", "{707078E9-DD44-4CA4-B113-8615E85198A0}"
EndProject
Global
	GlobalSection(SolutionConfigurationPlatforms) = preSolution
		Debug|Any CPU = Debug|Any CPU
		Release|Any CPU = Release|Any CPU
	EndGlobalSection
	GlobalSection(ProjectConfigurationPlatforms) = postSolution
		{E08ECC57-AB0C-45A1-AFB1-0F0081D08981}.Debug|Any CPU.ActiveCfg = Debug|Any CPU
		{E08ECC57-AB0C-45A1-AFB1-0F0081D08981}.Debug|Any CPU.Build.0 = Debug|Any CPU
		{E08ECC57-AB0C-45A1-AFB1-0F0081D08981}.Release|Any CPU.ActiveCfg = Release|Any CPU
		{E08ECC57-AB0C-45A1-AFB1-0F0081D08981}.Release|Any CPU.Build.0 = Release|Any CPU
		{533628FA-157C-4D68-94E9-72A65F0A92D7}.Debug|Any CPU.ActiveCfg = Debug|Any CPU
		{533628FA-157C-4D68-94E9-72A65F0A92D7}.Debug|Any CPU.Build.0 = Debug|Any CPU
		{533628FA-157C-4D68-94E9-72A65F0A92D7}.Release|Any CPU.ActiveCfg = Release|Any CPU
		{533628FA-157C-4D68-94E9-72A65F0A92D7}.Release|Any CPU.Build.0 = Release|Any CPU
		{79645845-13B6-4A3E-A6A2-D7AA96CB43E8}.Debug|Any CPU.ActiveCfg = Debug|Any CPU
		{79645845-13B6-4A3E-A6A2-D7AA96CB43E8}.Debug|Any CPU.Build.0 = Debug|Any CPU
		{79645845-13B6-4A3E-A6A2-D7AA96CB43E8}.Release|Any CPU.ActiveCfg = Release|Any CPU
		{79645845-13B6-4A3E-A6A2-D7AA96CB43E8}.Release|Any CPU.Build.0 = Release|Any CPU
		{707078E9-DD44-4CA4-B113-8615E85198A0}.Debug|Any CPU.ActiveCfg = Debug|Any CPU
		{707078E9-DD44-4CA4-B113-8615E85198A0}.Debug|Any CPU.Build.0 = Debug|Any CPU
		{707078E9-DD44-4CA4-B113-8615E85198A0}.Release|Any CPU.ActiveCfg = Release|Any CPU
		{707078E9-DD44-4CA4-B113-8615E85198A0}.Release|Any CPU.Build.0 = Release|Any CPU
	EndGlobalSection
	GlobalSection(SolutionProperties) = preSolution
		HideSolutionNode = FALSE
	EndGlobalSection
	GlobalSection(ExtensibilityGlobals) = postSolution
		SolutionGuid = {28F2A7F7-57FA-40E9-BA35-A9DBE751A88F}
	EndGlobalSection
EndGlobal
